{
  "name": "info340-book",
  "version": "1.1.1",
  "lockfileVersion": 3,
  "requires": true,
  "packages": {
    "": {
      "name": "info340-book",
      "version": "1.1.1",
      "license": "CC-BY-NC-SA-4.0",
      "devDependencies": {
        "pandoc-filter": "^0.1.8",
        "prismjs": "^1.29.0"
      }
    },
    "node_modules/get-stdin": {
      "version": "0.1.0",
      "resolved": "https://registry.npmjs.org/get-stdin/-/get-stdin-0.1.0.tgz",
      "integrity": "sha512-/WBu3IaQZxE3bs3BhBmR10ipDY4pjN+U4EZgXULa1eqKA0B/Lka/MVoAqhTVYBkkRlCrEGDOU9itrzIgm9Ksng==",
      "dev": true,
      "engines": {
        "node": ">=0.10.0"
      }
    },
    "node_modules/pandoc-filter": {
      "version": "0.1.8",
      "resolved": "https://registry.npmjs.org/pandoc-filter/-/pandoc-filter-0.1.8.tgz",
      "integrity": "sha512-vUe/6vbKX/X+7utsn5bgNXkq7G/NOfIRVguOh8LQG8wwnoqjgcsJH4xvvRRaHbUWgsAf6OQAGbPTeOsPoLwVGQ==",
      "dev": true,
      "dependencies": {
        "get-stdin": "~0.1.0"
      },
      "engines": {
        "node": ">=0.8.0"
      }
    },
    "node_modules/prismjs": {
      "version": "1.29.0",
      "resolved": "https://registry.npmjs.org/prismjs/-/prismjs-1.29.0.tgz",
      "integrity": "sha512-Kx/1w86q/epKcmte75LNrEoT+lX8pBpavuAbvJWRXar7Hz8jrtF+e3vY751p0R8H9HdArwaCTNDDzHg/ScJK1Q==",
      "dev": true,
      "engines": {
        "node": ">=6"
      }
    }
  }
}
